# This file is automatically @generated by Cargo.
# It is not intended for manual editing.
version = 3

[[package]]
name = "code-crush"
version = "0.1.0"

[[package]]
name = "project_0"
version = "0.1.0"

[[package]]
name = "project_1"
version = "0.1.0"

[[package]]
name = "project_2"
version = "0.1.0"

[[package]]
name = "project_3"
version = "0.1.0"

[[package]]
name = "project_4"
version = "0.1.0"

[[package]]
name = "project_6"
version = "0.1.0"

[[package]]
name = "project_7"
version = "0.1.0"

[[package]]
name = "project_8"
version = "0.1.0"

[[package]]
name = "project_9"
version = "0.1.0"
